{
  "dependencies": {
    "auto-reload-brunch": {
      "version": "1.8.0",
      "from": "auto-reload-brunch@*",
      "resolved": "https://registry.npmjs.org/auto-reload-brunch/-/auto-reload-brunch-1.8.0.tgz",
      "dependencies": {
        "ws": {
          "version": "0.8.0"
        }
      }
    }
  }
}
